{
  "version": "5",
  "specifiers": {
    "jsr:@deno/gfm@0.12": "0.12.0",
    "jsr:@denosaurs/emoji@~0.3.1": "0.3.1",
    "jsr:@std/internal@^1.0.14": "1.0.14",
    "jsr:@std/path@1": "1.1.6",
    "npm:@material/material-color-utilities@0.3": "0.3.0",
    "npm:@zag-js/accordion@^1.42.0": "1.42.0",
    "npm:@zag-js/checkbox@^1.42.0": "1.42.0",
    "npm:@zag-js/clipboard@^1.42.0": "1.42.0",
    "npm:@zag-js/collapsible@^1.42.0": "1.42.0",
    "npm:@zag-js/combobox@^1.42.0": "1.42.0",
    "npm:@zag-js/date-picker@^1.42.0": "1.42.0_@internationalized+date@3.12.2",
    "npm:@zag-js/dialog@^1.42.0": "1.42.0",
    "npm:@zag-js/file-upload@^1.42.0": "1.42.0",
    "npm:@zag-js/hover-card@^1.42.0": "1.42.0",
    "npm:@zag-js/menu@^1.42.0": "1.42.0",
    "npm:@zag-js/number-input@^1.42.0": "1.42.0",
    "npm:@zag-js/pagination@^1.42.0": "1.42.0",
    "npm:@zag-js/popover@^1.42.0": "1.42.0",
    "npm:@zag-js/preact@^1.42.0": "1.42.0_preact@10.29.6",
    "npm:@zag-js/radio-group@^1.42.0": "1.42.0",
    "npm:@zag-js/select@^1.42.0": "1.42.0",
    "npm:@zag-js/slider@^1.42.0": "1.42.0",
    "npm:@zag-js/steps@^1.42.0": "1.42.0",
    "npm:@zag-js/switch@^1.42.0": "1.42.0",
    "npm:@zag-js/tabs@^1.42.0": "1.42.0",
    "npm:@zag-js/tags-input@^1.42.0": "1.42.0",
    "npm:@zag-js/toast@^1.42.0": "1.42.0",
    "npm:@zag-js/tooltip@^1.42.0": "1.42.0",
    "npm:github-slugger@2": "2.0.0",
    "npm:he@^1.2.0": "1.2.0",
    "npm:katex@0.16": "0.16.47",
    "npm:lucide-preact@0.507": "0.507.0_preact@10.29.6",
    "npm:marked-alert@^2.1.2": "2.1.2_marked@17.0.6",
    "npm:marked-footnote@^1.4.0": "1.4.0_marked@17.0.6",
    "npm:marked-gfm-heading-id@^4.1.3": "4.1.4_marked@17.0.6",
    "npm:marked@^17.0.1": "17.0.6",
    "npm:preact@^10.29.1": "10.29.6",
    "npm:prismjs@^1.30.0": "1.30.0",
    "npm:sanitize-html@^2.17.0": "2.17.5"
  },
  "jsr": {
    "@deno/gfm@0.12.0": {
      "integrity": "9b2d8f3e3d5673da5b2e8613d36cf38619ac5e3bdeb895d35472a16870fb147a",
      "dependencies": [
        "jsr:@denosaurs/emoji",
        "npm:github-slugger",
        "npm:he",
        "npm:katex",
        "npm:marked",
        "npm:marked-alert",
        "npm:marked-footnote",
        "npm:marked-gfm-heading-id",
        "npm:prismjs",
        "npm:sanitize-html"
      ]
    },
    "@denosaurs/emoji@0.3.1": {
      "integrity": "b0aed5f55dec99e83da7c9637fe0a36d1d6252b7c99deaaa3fc5dea3fcf3da8b"
    },
    "@std/internal@1.0.14": {
      "integrity": "291516b3d4c35024d6ffbc0a9df5bf4c64116e05b50012cf846710152d2ffdf7"
    },
    "@std/path@1.1.6": {
      "integrity": "c68485c2a4dfbb5ae3cc74fae4e8c4e5d874cf8a8ed12927917235c758b46cbe",
      "dependencies": [
        "jsr:@std/internal"
      ]
    }
  },
  "npm": {
    "@floating-ui/core@1.7.5": {
      "integrity": "sha512-1Ih4WTWyw0+lKyFMcBHGbb5U5FtuHJuujoyyr5zTaWS5EYMeT6Jb2AuDeftsCsEuchO+mM2ij5+q9crhydzLhQ==",
      "dependencies": [
        "@floating-ui/utils"
      ]
    },
    "@floating-ui/dom@1.7.6": {
      "integrity": "sha512-9gZSAI5XM36880PPMm//9dfiEngYoC6Am2izES1FF406YFsjvyBMmeJ2g4SAju3xWwtuynNRFL2s9hgxpLI5SQ==",
      "dependencies": [
        "@floating-ui/core",
        "@floating-ui/utils"
      ]
    },
    "@floating-ui/utils@0.2.11": {
      "integrity": "sha512-RiB/yIh78pcIxl6lLMG0CgBXAZ2Y0eVHqMPYugu+9U0AeT6YBeiJpf7lbdJNIugFP5SIjwNRgo4DhR1Qxi26Gg=="
    },
    "@internationalized/date@3.12.2": {
      "integrity": "sha512-FY1Y+H64NDs+HAF6omlnWxm3mEpfgaCSWtL5l551ZZfImA+kGjPFgrnJrGjH6lfmLL0g8Z/mBu1R3kufeCp6Jw==",
      "dependencies": [
        "@swc/helpers"
      ]
    },
    "@internationalized/number@3.6.7": {
      "integrity": "sha512-3ji1fcrT+FPAK86UqEhB/psHixYo6niWPJtt7+qRaYFynt/BaJG8GhAPimtWUpEiVSTq8ZM8L5psMxGquiB/Vg==",
      "dependencies": [
        "@swc/helpers"
      ]
    },
    "@material/material-color-utilities@0.3.0": {
      "integrity": "sha512-ztmtTd6xwnuh2/xu+Vb01btgV8SQWYCaK56CkRK8gEkWe5TuDyBcYJ0wgkMRn+2VcE9KUmhvkz+N9GHrqw/C0g=="
    },
    "@swc/helpers@0.5.23": {
      "integrity": "sha512-5lSsMOTXURePglDfvuAQUqkGek9Hg2kksOYay2m0+XR++b2NWYL/4sWyuvVBIs8oKnJaxkdi9whaL/sqN13afw==",
      "dependencies": [
        "tslib"
      ]
    },
    "@zag-js/accordion@1.42.0": {
      "integrity": "sha512-eTVh6Uz3CqdcJDr5mHWTT+oICSrZFfYCCxIpOKF00nADmb96nCDqOAYFMf8gM3J/4UDS/V27QzEH5GPmFWiHIw==",
      "dependencies": [
        "@zag-js/anatomy",
        "@zag-js/core",
        "@zag-js/dom-query",
        "@zag-js/types",
        "@zag-js/utils"
      ]
    },
    "@zag-js/anatomy@1.42.0": {
      "integrity": "sha512-F6kRAPxgBZRZmuV5SLywcrGNSclKcAcPAAgSrEdr2Z2dzFgQngbvS4dmdQyGau/vtQ42OlCI48Ri4t0hZxXkMw=="
    },
    "@zag-js/aria-hidden@1.42.0": {
      "integrity": "sha512-ao1RyEbHbglJtLLR4sJLPiD3hWF1CacuN5eqvODh/7HcntWULrkUHo8DIdzYgFL9GUHDyDmpaechMX5wL3kdPg==",
      "dependencies": [
        "@zag-js/dom-query"
      ]
    },
    "@zag-js/auto-resize@1.42.0": {
      "integrity": "sha512-iL7EI30VknEkVb8PhTcLkvR8aiZda0IwJGT4K0cb7J/fMxsDAGjnjdLRu+dGUPZsXji1n58wlaKjTtCQCaXfOA==",
      "dependencies": [
        "@zag-js/dom-query"
      ]
    },
    "@zag-js/checkbox@1.42.0": {
      "integrity": "sha512-Pn4IHtJFGLUorynWiOUN79qvYofbvIB8xM6ZwRR7gi8TjRdYPL8rVc5ASlNxus9slsvHGevRtKl5dLbT2DONNg==",
      "dependencies": [
        "@zag-js/anatomy",
        "@zag-js/core",
        "@zag-js/dom-query",
        "@zag-js/focus-visible",
        "@zag-js/types",
        "@zag-js/utils"
      ]
    },
    "@zag-js/clipboard@1.42.0": {
      "integrity": "sha512-x/APygRMNF2eqThsORb8c7CFAZWpBZ6wzKgjgiN2DHsNm9xF/pTg11ELn/2KQuDOlAlcV55RCc2FuWS3BVLBIg==",
      "dependencies": [
        "@zag-js/anatomy",
        "@zag-js/core",
        "@zag-js/dom-query",
        "@zag-js/types",
        "@zag-js/utils"
      ]
    },
    "@zag-js/collapsible@1.42.0": {
      "integrity": "sha512-MSQo9qRwp2r6aj3G/lKd3gSXAAjuCaq1LtLT3BxHEQ5skn2NQWTKVgReUSuDJNl0Lz+Z5WYq5+5TCDHr4YKHRA==",
      "dependencies": [
        "@zag-js/anatomy",
        "@zag-js/core",
        "@zag-js/dom-query",
        "@zag-js/types",
        "@zag-js/utils"
      ]
    },
    "@zag-js/collection@1.42.0": {
      "integrity": "sha512-+Bhj/2zqVVzmS788lsg/xK1ezksMc2pfVg2oO6MnipLCo8KrgzuuvhUahUzK+uIOc9ljBW4zl9Wcm3G248gh0A==",
      "dependencies": [
        "@zag-js/utils"
      ]
    },
    "@zag-js/combobox@1.42.0": {
      "integrity": "sha512-fe+Sco278h8PPFM0g3eR5366/oVIfSI3B7qDXl/xmYKMQXhIp+bKxew3U0q1COSVof0x3wrIoIpY51BXj1McGw==",
      "dependencies": [
        "@zag-js/anatomy",
        "@zag-js/collection",
        "@zag-js/core",
        "@zag-js/dismissable",
        "@zag-js/dom-query",
        "@zag-js/focus-visible",
        "@zag-js/live-region",
        "@zag-js/popper",
        "@zag-js/types",
        "@zag-js/utils"
      ]
    },
    "@zag-js/core@1.42.0": {
      "integrity": "sha512-jE/sbpZvbD+/etbawzhL/L2lP1pPefed5d919je+K5h9b6GAK3lUThleaDUCww3bT53B1L7O5gtqBapW37N1ug==",
      "dependencies": [
        "@zag-js/dom-query",
        "@zag-js/utils"
      ]
    },
    "@zag-js/date-picker@1.42.0_@internationalized+date@3.12.2": {
      "integrity": "sha512-M8zt5kdOld7YKYmCZCQ8xPJ8+xwBpxIumzWgzFGoadSxYQPaK8gPqPFKxADJZWX7p/oHdpw2BVcVFWNC0urcyg==",
      "dependencies": [
        "@internationalized/date",
        "@zag-js/anatomy",
        "@zag-js/core",
        "@zag-js/date-utils",
        "@zag-js/dismissable",
        "@zag-js/dom-query",
        "@zag-js/live-region",
        "@zag-js/popper",
        "@zag-js/types",
        "@zag-js/utils"
      ]
    },
    "@zag-js/date-utils@1.42.0_@internationalized+date@3.12.2": {
      "integrity": "sha512-pjFahzgNGlIIbNQWaPY4RcFhMo+9d9nHj7FctmexXdQ6x4aByfD8bPCUKomO2MsMs0/2lRkACjqZeJwP4oivAw==",
      "dependencies": [
        "@internationalized/date"
      ]
    },
    "@zag-js/dialog@1.42.0": {
      "integrity": "sha512-2KpLQASTjr2JUR0XvqsMueVo+AAPeanD9ShFCY/YKv2qp6WRHo1Ig/tRj6pInsSBiHFo7QXyAD4SDax6C0zDcw==",
      "dependencies": [
        "@zag-js/anatomy",
        "@zag-js/aria-hidden",
        "@zag-js/core",
        "@zag-js/dismissable",
        "@zag-js/dom-query",
        "@zag-js/focus-trap",
        "@zag-js/remove-scroll",
        "@zag-js/types",
        "@zag-js/utils"
      ]
    },
    "@zag-js/dismissable@1.42.0": {
      "integrity": "sha512-Cx/FAQ2MuQy3kecdmswrFk94Zie1ieBa1Pnt/2ECI5FR914EJd3DwY9Krsmlrq4Z15Wm+pVtfLXgakDewVgsiQ==",
      "dependencies": [
        "@zag-js/dom-query",
        "@zag-js/interact-outside",
        "@zag-js/utils"
      ]
    },
    "@zag-js/dom-query@1.42.0": {
      "integrity": "sha512-JgCNfp7F+YNFNb7Xmt6rXQr3N3V9Mp+pFRvZ8j5BTC3/G8ZYj/enrgOcuVwPlXPBGtA7ysvjig2x1c0Uou/6kg==",
      "dependencies": [
        "@zag-js/types"
      ]
    },
    "@zag-js/file-upload@1.42.0": {
      "integrity": "sha512-1I8mCSh6fykHmTStuD9qS425vySOhBjFZfkqLG1J10IfGjz8KCoHcOEbZDHqbJa4/Yq0d+mrwHpOYPS6jYBimA==",
      "dependencies": [
        "@zag-js/anatomy",
        "@zag-js/core",
        "@zag-js/dom-query",
        "@zag-js/file-utils",
        "@zag-js/i18n-utils",
        "@zag-js/types",
        "@zag-js/utils"
      ]
    },
    "@zag-js/file-utils@1.42.0": {
      "integrity": "sha512-goU5T/8SVpeoR33PS4kRWZkcfSERI7FVqqSn521PmxZ/wZMVDrXaivygbttGV8nCWfbwmsMqeyp2iy5MnbNovQ==",
      "dependencies": [
        "@zag-js/i18n-utils"
      ]
    },
    "@zag-js/focus-trap@1.42.0": {
      "integrity": "sha512-47O/OpLUm9o8CZd3ez0ntAOUKZEQ1zFj7e86fpYuQ+fNtBlpYMFHQxMRftPkiU5Ysjrz5x8RYV8A8uJ9cboNig==",
      "dependencies": [
        "@zag-js/dom-query"
      ]
    },
    "@zag-js/focus-visible@1.42.0": {
      "integrity": "sha512-zT1Fk+8m6x6hzoD5fOIEV4JQIX33pwkBzANqwruQwaSqkOYtI2FmsG71YHnzKvrBppG2okPrRHEMyZEgfshIcQ==",
      "dependencies": [
        "@zag-js/dom-query"
      ]
    },
    "@zag-js/hover-card@1.42.0": {
      "integrity": "sha512-jEQjuHZOHdgAmNbiQStrJYT7pjI5RXo9NmfX5RqihFlF+NKTPxEUJ2ydbjf4+s225TgjxgP77QVEMo1hfE9eKQ==",
      "dependencies": [
        "@zag-js/anatomy",
        "@zag-js/core",
        "@zag-js/dismissable",
        "@zag-js/dom-query",
        "@zag-js/popper",
        "@zag-js/types",
        "@zag-js/utils"
      ]
    },
    "@zag-js/i18n-utils@1.42.0": {
      "integrity": "sha512-uVw+Ua3apxaBCRcsfHOlXcRPDNygSGoJ6ivmK0UJaw5QikZLEBYr7grzXDwRvZrdk0j0sA9Hk/gg3GdSXkhI3Q==",
      "dependencies": [
        "@zag-js/dom-query"
      ]
    },
    "@zag-js/interact-outside@1.42.0": {
      "integrity": "sha512-CNNT1OtASacXEst8NMWDGmDwkOQgVQ0Ahc2SpPjSBZoVpxQIfhZ9FoeqcggDX7Nvze7kl6/OwA7pPi5TGQTVZQ==",
      "dependencies": [
        "@zag-js/dom-query",
        "@zag-js/utils"
      ]
    },
    "@zag-js/live-region@1.42.0": {
      "integrity": "sha512-YFkytNxBJDQIndh7W+bWMN9P74qsnQkzqqLv6LtX/TiOYr1PnL0p54DMvWhE7hqYiCyyLscBM9nbA1foSoPIPg=="
    },
    "@zag-js/menu@1.42.0": {
      "integrity": "sha512-Jg2q+FrHeZ2ZTxrz/TAnNelapN6IGtyCnBmoNbcHGcnf3gqnEjJpug3Fn6BmPQrmTNw0+q7hBmrESyncjrfbUg==",
      "dependencies": [
        "@zag-js/anatomy",
        "@zag-js/core",
        "@zag-js/dismissable",
        "@zag-js/dom-query",
        "@zag-js/focus-visible",
        "@zag-js/popper",
        "@zag-js/rect-utils",
        "@zag-js/types",
        "@zag-js/utils"
      ]
    },
    "@zag-js/number-input@1.42.0": {
      "integrity": "sha512-dOdABVSftfHdrUr24WyICVGRQLJrD9fIuIO9FM/Zgzc75IgYTegAyNOZHVTUeJeRw+etPb+VEq6halVDP7qrgQ==",
      "dependencies": [
        "@internationalized/number",
        "@zag-js/anatomy",
        "@zag-js/core",
        "@zag-js/dom-query",
        "@zag-js/types",
        "@zag-js/utils"
      ]
    },
    "@zag-js/pagination@1.42.0": {
      "integrity": "sha512-QEcnc8z0U4RREOa1MVGFNbKJONLzbo5egdUppURkbAwhv+paR9ufG4uli7QlMvA3KgdfCHPM92+MhnYwutp5nw==",
      "dependencies": [
        "@zag-js/anatomy",
        "@zag-js/core",
        "@zag-js/dom-query",
        "@zag-js/types",
        "@zag-js/utils"
      ]
    },
    "@zag-js/popover@1.42.0": {
      "integrity": "sha512-4knrgFDeYlKqjyRfYPEUfpIRjsTvg4zY/C0i3sbdxNEWiOW30DzW+/8Igabb00bOabrtRuIHBejm0Jorgn5JIQ==",
      "dependencies": [
        "@zag-js/anatomy",
        "@zag-js/aria-hidden",
        "@zag-js/core",
        "@zag-js/dismissable",
        "@zag-js/dom-query",
        "@zag-js/focus-trap",
        "@zag-js/popper",
        "@zag-js/remove-scroll",
        "@zag-js/types",
        "@zag-js/utils"
      ]
    },
    "@zag-js/popper@1.42.0": {
      "integrity": "sha512-hQvXzLen/hXCItww5tJT6+VLxnee8CpsX0FabIiHub/fKIB6OeHmS/lk+RnIII57bljdjLSus/KnT8Xlmj6tRw==",
      "dependencies": [
        "@floating-ui/dom",
        "@zag-js/dom-query",
        "@zag-js/utils"
      ]
    },
    "@zag-js/preact@1.42.0_preact@10.29.6": {
      "integrity": "sha512-WXtzk4JXZDYQBsjVdzoS6GL3Ctu0nLqmELFq4HFY61zXBNtxX2SWkES4ytnTr0e0mlc6XKkiNq/oh6VF0ytjeQ==",
      "dependencies": [
        "@zag-js/core",
        "@zag-js/store",
        "@zag-js/types",
        "@zag-js/utils",
        "preact"
      ]
    },
    "@zag-js/radio-group@1.42.0": {
      "integrity": "sha512-VtoN9/d3HCe/oumjdwKzv/KilF2aLzbt1IYpejXF7Cwat8xmqnCoxiA2PLjE9NfD97ZM7grng1YGcjqrWOWvuQ==",
      "dependencies": [
        "@zag-js/anatomy",
        "@zag-js/core",
        "@zag-js/dom-query",
        "@zag-js/focus-visible",
        "@zag-js/types",
        "@zag-js/utils"
      ]
    },
    "@zag-js/rect-utils@1.42.0": {
      "integrity": "sha512-4hIvDZEPxYAqhiSNVkZtQLzd7dV7IAn7c5GdWnVVAYtJDD1Tn+v0TYkoPuGQMqLsdpNDwncw3baT3xq1+PQi+w=="
    },
    "@zag-js/remove-scroll@1.42.0": {
      "integrity": "sha512-RP1SzQuVDk+np5knkEz/mRasLHZUbO6f3xgq4M2u4SQhpOe34uJybd+14f4ElBntAJQWVeMhohpW4n0pNUW6WQ==",
      "dependencies": [
        "@zag-js/dom-query"
      ]
    },
    "@zag-js/select@1.42.0": {
      "integrity": "sha512-SkfKM7BvAEXLpJda4bS6O2n7YOW9SNeLYvV8vxZjoPFGZDVV6uUcxZE6UPKWQqmTYbu3udCcTlQg749+4NB2mQ==",
      "dependencies": [
        "@zag-js/anatomy",
        "@zag-js/collection",
        "@zag-js/core",
        "@zag-js/dismissable",
        "@zag-js/dom-query",
        "@zag-js/focus-visible",
        "@zag-js/popper",
        "@zag-js/types",
        "@zag-js/utils"
      ]
    },
    "@zag-js/slider@1.42.0": {
      "integrity": "sha512-bHTNGxM2H2oag5IbsfsV/OJegz4ic1Zs89Mvm+ryVzqOc0upJl0xMC/D/K8wnRJ8OPubNnldA+R4W8o+/4IU8w==",
      "dependencies": [
        "@zag-js/anatomy",
        "@zag-js/core",
        "@zag-js/dom-query",
        "@zag-js/types",
        "@zag-js/utils"
      ]
    },
    "@zag-js/steps@1.42.0": {
      "integrity": "sha512-IDJKk4zPhQjJv5fxAvOy+LRcdnim5rJjpUdEsWq0/aDiVZiddg3sXLgJ8dTGfv6e58AIjTlaz85xv21dldWKYw==",
      "dependencies": [
        "@zag-js/anatomy",
        "@zag-js/core",
        "@zag-js/dom-query",
        "@zag-js/types",
        "@zag-js/utils"
      ]
    },
    "@zag-js/store@1.42.0": {
      "integrity": "sha512-qQ5LB+l2dR1rZFCsErn9PeSrOADjnsvDl1NreEN/AaKXw9RK0YiQDqaCh7ndqjjA72UAcrnzgXsS0AAqxCC+MQ==",
      "dependencies": [
        "proxy-compare"
      ]
    },
    "@zag-js/switch@1.42.0": {
      "integrity": "sha512-227GNBAz8mYSKVsHV6r4YA/1/0rtbrP2foygPligDOkWMsNP9cjnW1HwM/z3x54UPWLqKuZjsjD7LSuDhbxtBA==",
      "dependencies": [
        "@zag-js/anatomy",
        "@zag-js/core",
        "@zag-js/dom-query",
        "@zag-js/focus-visible",
        "@zag-js/types",
        "@zag-js/utils"
      ]
    },
    "@zag-js/tabs@1.42.0": {
      "integrity": "sha512-O0qFmeneJHr85AUL/44mHQy8Cr/jCZzh55rTKz5sBoZxmk7PIGopsasNLnpyaZ34tOpcKnNEg96FdlZ4O1bjlQ==",
      "dependencies": [
        "@zag-js/anatomy",
        "@zag-js/core",
        "@zag-js/dom-query",
        "@zag-js/types",
        "@zag-js/utils"
      ]
    },
    "@zag-js/tags-input@1.42.0": {
      "integrity": "sha512-+zGHcW1EeYCfxfngR4DXJEUWn6iKBoWkN2OnP4HrrWIAwk+0yTOQpwEd4UcCoUOo7CPtqwBmZp2Y92AMuAFA+Q==",
      "dependencies": [
        "@zag-js/anatomy",
        "@zag-js/auto-resize",
        "@zag-js/core",
        "@zag-js/dom-query",
        "@zag-js/interact-outside",
        "@zag-js/live-region",
        "@zag-js/types",
        "@zag-js/utils"
      ]
    },
    "@zag-js/toast@1.42.0": {
      "integrity": "sha512-8WLogVjJiCrvQ4hv9vQrcjaFJLFGtOCb/pnir7SjqR1RzbYHoPLj5ASbM9bbjpcgQQYr0GaLovP6beQW8kjBjg==",
      "dependencies": [
        "@zag-js/anatomy",
        "@zag-js/core",
        "@zag-js/dismissable",
        "@zag-js/dom-query",
        "@zag-js/types",
        "@zag-js/utils"
      ]
    },
    "@zag-js/tooltip@1.42.0": {
      "integrity": "sha512-viRGjX2yxF317M2G2tYvPS7+ZS3osmE+iGm40ZPg0sciezSZW1l4ZFSQ56qyCJ8rTUKv3T1m0NPWYhqVoT3eoA==",
      "dependencies": [
        "@zag-js/anatomy",
        "@zag-js/core",
        "@zag-js/dom-query",
        "@zag-js/focus-visible",
        "@zag-js/popper",
        "@zag-js/types",
        "@zag-js/utils"
      ]
    },
    "@zag-js/types@1.42.0": {
      "integrity": "sha512-4ghao1wuLouepdYMheEYtyOlKpVsvL0Eg9tf//5VyAf7S9zC7cgGxD6ttGTlIMxqKqnAuxIMsYHG76qkb8tv1w==",
      "dependencies": [
        "csstype"
      ]
    },
    "@zag-js/utils@1.42.0": {
      "integrity": "sha512-Km0r9hY+f6/oCJXrO4nqCIuo+4gTqbloD0V0q7B8Jq8qeWte7HN+YJSagVlk8tfADqFMRgEW4Rug0bYHzrGbVA=="
    },
    "commander@8.3.0": {
      "integrity": "sha512-OkTL9umf+He2DZkUq8f8J9of7yL6RJKI24dVITBmNfZBmri9zYZQrKkuXiKhyfPSu8tUhnVBB1iKXevvnlR4Ww=="
    },
    "csstype@3.2.3": {
      "integrity": "sha512-z1HGKcYy2xA8AGQfwrn0PAy+PB7X/GSj3UVJW9qKyn43xWa+gl5nXmU4qqLMRzWVLFC8KusUX8T/0kCiOYpAIQ=="
    },
    "dayjs@1.11.21": {
      "integrity": "sha512-98IT+HOahAisibz/yjKbzuOBwYcjJ7BCLPzARyHiyEBmRz4fatF+KPJszEHXsGYjUG234aH/cOjW1wwTbKUZlA=="
    },
    "deepmerge@4.3.1": {
      "integrity": "sha512-3sUqbMEc77XqpdNO7FRyRog+eW3ph+GYCbj+rK+uYyRMuwsVy0rMiVtPn+QJlKFvWP/1PYpapqYn0Me2knFn+A=="
    },
    "dom-serializer@2.0.0": {
      "integrity": "sha512-wIkAryiqt/nV5EQKqQpo3SToSOV9J0DnbJqwK7Wv/Trc92zIAYZ4FlMu+JPFW1DfGFt81ZTCGgDEabffXeLyJg==",
      "dependencies": [
        "domelementtype",
        "domhandler",
        "entities@4.5.0"
      ]
    },
    "domelementtype@2.3.0": {
      "integrity": "sha512-OLETBj6w0OsagBwdXnPdN0cnMfF9opN69co+7ZrbfPGrdpPVNBUj02spi6B1N7wChLQiPn4CSH/zJvXw56gmHw=="
    },
    "domhandler@5.0.3": {
      "integrity": "sha512-cgwlv/1iFQiFnU96XXgROh8xTeetsnJiDsTc7TYCLFd9+/WNkIqPTxiM/8pSd8VIrhXGTf1Ny1q1hquVqDJB5w==",
      "dependencies": [
        "domelementtype"
      ]
    },
    "domutils@3.2.2": {
      "integrity": "sha512-6kZKyUajlDuqlHKVX1w7gyslj9MPIXzIFiz/rGu35uC1wMi+kMhQwGhl4lt9unC9Vb9INnY9Z3/ZA3+FhASLaw==",
      "dependencies": [
        "dom-serializer",
        "domelementtype",
        "domhandler"
      ]
    },
    "entities@4.5.0": {
      "integrity": "sha512-V0hjH4dGPh9Ao5p0MoRY6BVqtwCjhz6vI5LT8AJ55H+4g9/4vbHx1I54fS0XuclLhDHArPQCiMjDxjaL8fPxhw=="
    },
    "entities@7.0.1": {
      "integrity": "sha512-TWrgLOFUQTH994YUyl1yT4uyavY5nNB5muff+RtWaqNVCAK408b5ZnnbNAUEWLTCpum9w6arT70i1XdQ4UeOPA=="
    },
    "escape-string-regexp@4.0.0": {
      "integrity": "sha512-TtpcNJ3XAzx3Gq8sWRzJaVajRs0uVxA2YAkdb1jm2YkPz4G6egUFAyA3n5vtEIZefPk5Wa4UXbKuS5fKkJWdgA=="
    },
    "github-slugger@2.0.0": {
      "integrity": "sha512-IaOQ9puYtjrkq7Y0Ygl9KDZnrf/aiUJYUpVf89y8kyaxbRG7Y1SrX/jaumrv81vc61+kiMempujsM3Yw7w5qcw=="
    },
    "he@1.2.0": {
      "integrity": "sha512-F/1DnUGPopORZi0ni+CvrCgHQ5FyEAHRLSApuYWMmrbSwoN2Mn/7k+Gl38gJnR7yyDZk6WLXwiGod1JOWNDKGw==",
      "bin": true
    },
    "htmlparser2@10.1.0": {
      "integrity": "sha512-VTZkM9GWRAtEpveh7MSF6SjjrpNVNNVJfFup7xTY3UpFtm67foy9HDVXneLtFVt4pMz5kZtgNcvCniNFb1hlEQ==",
      "dependencies": [
        "domelementtype",
        "domhandler",
        "domutils",
        "entities@7.0.1"
      ]
    },
    "is-plain-object@5.0.0": {
      "integrity": "sha512-VRSzKkbMm5jMDoKLbltAkFQ5Qr7VDiTFGXxYFXXowVj387GeGNOCsOH6Msy00SGZ3Fp84b1Naa1psqgcCIEP5Q=="
    },
    "katex@0.16.47": {
      "integrity": "sha512-Eeo8Ys1doU1z+x8AZsPpQu+p/QcZBI5PeOo7QGQdy2x2m0MU/hYagBbGOmXwr5KVbEfVuWv9LpnQWeehogurjg==",
      "dependencies": [
        "commander"
      ],
      "bin": true
    },
    "launder@1.7.1": {
      "integrity": "sha512-mU6WRz5EusL9ZZuiZ5SO4Y6C0P9PAUR9iwdb6bzj4KDihm28DiHFw+/yk9DBH4f+Pv1wuzQ4e2jV3oQ7mkIqvw==",
      "dependencies": [
        "dayjs"
      ]
    },
    "lucide-preact@0.507.0_preact@10.29.6": {
      "integrity": "sha512-LI4JNCsSffNDPtP8/+X65gaeMZAgeAAiGVTf89pmxE8wcJnuA8Xn1AhBqmr2BvXKPh/zpUX3rIGH3c1qX7/sXg==",
      "dependencies": [
        "preact"
      ]
    },
    "marked-alert@2.1.2_marked@17.0.6": {
      "integrity": "sha512-EFNRZ08d8L/iEIPLTlQMDjvwIsj03gxWCczYTht6DCiHJIZhMk4NK5gtPY9UqAYb09eV5VGT+jD4lp396E0I+w==",
      "dependencies": [
        "marked"
      ]
    },
    "marked-footnote@1.4.0_marked@17.0.6": {
      "integrity": "sha512-fZTxAhI1TcLEs5UOjCfYfTHpyKGaWQevbxaGTEA68B51l7i87SctPFtHETYqPkEN0ka5opvy4Dy1l/yXVC+hmg==",
      "dependencies": [
        "marked"
      ]
    },
    "marked-gfm-heading-id@4.1.4_marked@17.0.6": {
      "integrity": "sha512-CspnvVfHSkb/znqdPS4jUR8HtCjq3M/DnrsJCrfLBLvdrgbemmoINKpeWKQYkBiXAoBGejw0cV7xzqrPdup3WA==",
      "dependencies": [
        "github-slugger",
        "marked"
      ]
    },
    "marked@17.0.6": {
      "integrity": "sha512-gB0gkNafnonOw0obSTEGZTT86IuhILt2Wfx0mWH/1Au83kybTayroZ/V6nS25mN7u8ASy+5fMhgB3XPNrOZdmA==",
      "bin": true
    },
    "nanoid@3.3.15": {
      "integrity": "sha512-y7Wygv/7mEOvxTuEQDB8StXdMRBWf1kR/tlhAzBRUFkB2jfcLOAxO/SHmOO2zgz1pVgK29/kyupn059/bCHdjA==",
      "bin": true
    },
    "parse-srcset@1.0.2": {
      "integrity": "sha512-/2qh0lav6CmI15FzA3i/2Bzk2zCgQhGMkvhOhKNcBVQ1ldgpbfiNTVslmooUmWJcADi1f1kIeynbDRVzNlfR6Q=="
    },
    "picocolors@1.1.1": {
      "integrity": "sha512-xceH2snhtb5M9liqDsmEw56le376mTZkEX/jEb/RxNFyegNul7eNslCXP9FDj/Lcu0X8KEyMceP2ntpaHrDEVA=="
    },
    "postcss@8.5.16": {
      "integrity": "sha512-vuwillviilfKZsg0VGj5R/YwwcHx4SLsIOI/7K6mQkWx+l5cUHTjj5g0AasTBcyXsbfTgrwsUNmVUb5xVwyPwg==",
      "dependencies": [
        "nanoid",
        "picocolors",
        "source-map-js"
      ]
    },
    "preact@10.29.6": {
      "integrity": "sha512-/UzLXnc1jrAS2uHi89XsSECqXVHYzV1VUL1L3esxrmPRmDvKFWtmbabE2a4QQ5a3bLgBivubRCEOt4GGmncPBQ=="
    },
    "prismjs@1.30.0": {
      "integrity": "sha512-DEvV2ZF2r2/63V+tK8hQvrR2ZGn10srHbXviTlcv7Kpzw8jWiNTqbVgjO3IY8RxrrOUF8VPMQQFysYYYv0YZxw=="
    },
    "proxy-compare@3.0.1": {
      "integrity": "sha512-V9plBAt3qjMlS1+nC8771KNf6oJ12gExvaxnNzN/9yVRLdTv/lc+oJlnSzrdYDAvBfTStPCoiaCOTmTs0adv7Q=="
    },
    "sanitize-html@2.17.5": {
      "integrity": "sha512-ZmU1joGRrvoyctKIiuwUxqR6moLoU2Wk+2bMccN6f7UwhAmwYDvWziqPxRDDN2Qip62NqnIrVrT9akbL6Wretg==",
      "dependencies": [
        "deepmerge",
        "escape-string-regexp",
        "htmlparser2",
        "is-plain-object",
        "launder",
        "parse-srcset",
        "postcss"
      ]
    },
    "source-map-js@1.2.1": {
      "integrity": "sha512-UXWMKhLOwVKb728IUtQPXxfYU+usdybtUrK/8uGE8CQMvrhOpwvzDBwj0QhSL7MQc7vIsISBG8VQ8+IDQxpfQA=="
    },
    "tslib@2.8.1": {
      "integrity": "sha512-oJFu94HQb+KVduSUQL7wnpmqnfmLsOA/nAh6b6EH0wCEoK0/mPeXU6c3wKDV83MkOuHPRHtSXKKU99IBazS/2w=="
    }
  },
  "workspace": {
    "dependencies": [
      "jsr:@deno/gfm@0.12",
      "jsr:@std/path@1",
      "npm:@material/material-color-utilities@0.3",
      "npm:@zag-js/accordion@^1.42.0",
      "npm:@zag-js/checkbox@^1.42.0",
      "npm:@zag-js/clipboard@^1.42.0",
      "npm:@zag-js/collapsible@^1.42.0",
      "npm:@zag-js/combobox@^1.42.0",
      "npm:@zag-js/date-picker@^1.42.0",
      "npm:@zag-js/dialog@^1.42.0",
      "npm:@zag-js/file-upload@^1.42.0",
      "npm:@zag-js/hover-card@^1.42.0",
      "npm:@zag-js/menu@^1.42.0",
      "npm:@zag-js/number-input@^1.42.0",
      "npm:@zag-js/pagination@^1.42.0",
      "npm:@zag-js/popover@^1.42.0",
      "npm:@zag-js/preact@^1.42.0",
      "npm:@zag-js/radio-group@^1.42.0",
      "npm:@zag-js/select@^1.42.0",
      "npm:@zag-js/slider@^1.42.0",
      "npm:@zag-js/steps@^1.42.0",
      "npm:@zag-js/switch@^1.42.0",
      "npm:@zag-js/tabs@^1.42.0",
      "npm:@zag-js/tags-input@^1.42.0",
      "npm:@zag-js/toast@^1.42.0",
      "npm:@zag-js/tooltip@^1.42.0",
      "npm:lucide-preact@0.507",
      "npm:preact@^10.29.1"
    ]
  }
}
